// !$*UTF8*$!
{
	archiveVersion = 1;
	classes = {
	};
	objectVersion = 55;
	objects = {

/* Begin PBXBuildFile section */
		1F2DA0DC8A282EEC4173AF37 /* Pods_sample1_sample1UITests.framework in Frameworks */ = {isa = PBXBuildFile; fileRef = 0CF547E68D685BCFA6846A1E /* Pods_sample1_sample1UITests.framework */; };
		94D621B5788CAEDFA24FEE06 /* Pods_sample1.framework in Frameworks */ = {isa = PBXBuildFile; fileRef = 371066ECBC1F3C06329E7A73 /* Pods_sample1.framework */; };
		A4DC4F6AC07BD234CBB6DEBD /* Pods_sample1Tests.framework in Frameworks */ = {isa = PBXBuildFile; fileRef = B42E9A7BC0F20FE5C43D062C /* Pods_sample1Tests.framework */; };
		A67A228829E6A4790033F886 /* AppDelegate.swift in Sources */ = {isa = PBXBuildFile; fileRef = A67A228729E6A4790033F886 /* AppDelegate.swift */; };
		A67A228A29E6A4790033F886 /* SceneDelegate.swift in Sources */ = {isa = PBXBuildFile; fileRef = A67A228929E6A4790033F886 /* SceneDelegate.swift */; };
		A67A228C29E6A4790033F886 /* ViewController.swift in Sources */ = {isa = PBXBuildFile; fileRef = A67A228B29E6A4790033F886 /* ViewController.swift */; };
		A67A228F29E6A4790033F886 /* Main.storyboard in Resources */ = {isa = PBXBuildFile; fileRef = A67A228D29E6A4790033F886 /* Main.storyboard */; };
		A67A229129E6A47B0033F886 /* Assets.xcassets in Resources */ = {isa = PBXBuildFile; fileRef = A67A229029E6A47B0033F886 /* Assets.xcassets */; };
		A67A229429E6A47B0033F886 /* LaunchScreen.storyboard in Resources */ = {isa = PBXBuildFile; fileRef = A67A229229E6A47B0033F886 /* LaunchScreen.storyboard */; };
		A67A229F29E6A47C0033F886 /* sample1Tests.swift in Sources */ = {isa = PBXBuildFile; fileRef = A67A229E29E6A47C0033F886 /* sample1Tests.swift */; };
		A67A22A929E6A47C0033F886 /* sample1UITests.swift in Sources */ = {isa = PBXBuildFile; fileRef = A67A22A829E6A47C0033F886 /* sample1UITests.swift */; };
		A67A22AB29E6A47C0033F886 /* sample1UITestsLaunchTests.swift in Sources */ = {isa = PBXBuildFile; fileRef = A67A22AA29E6A47C0033F886 /* sample1UITestsLaunchTests.swift */; };
/* End PBXBuildFile section */

/* Begin PBXContainerItemProxy section */
		A67A229B29E6A47C0033F886 /* PBXContainerItemProxy */ = {
			isa = PBXContainerItemProxy;
			containerPortal = A67A227C29E6A4790033F886 /* Project object */;
			proxyType = 1;
			remoteGlobalIDString = A67A228329E6A4790033F886;
			remoteInfo = sample1;
		};
		A67A22A529E6A47C0033F886 /* PBXContainerItemProxy */ = {
			isa = PBXContainerItemProxy;
			containerPortal = A67A227C29E6A4790033F886 /* Project object */;
			proxyType = 1;
			remoteGlobalIDString = A67A228329E6A4790033F886;
			remoteInfo = sample1;
		};
/* End PBXContainerItemProxy section */

/* Begin PBXFileReference section */
		02D449A68146805C7C29A465 /* Pods-sample1.debug.xcconfig */ = {isa = PBXFileReference; includeInIndex = 1; lastKnownFileType = text.xcconfig; name = "Pods-sample1.debug.xcconfig"; path = "Target Support Files/Pods-sample1/Pods-sample1.debug.xcconfig"; sourceTree = "<group>"; };
		0CF547E68D685BCFA6846A1E /* Pods_sample1_sample1UITests.framework */ = {isa = PBXFileReference; explicitFileType = wrapper.framework; includeInIndex = 0; path = Pods_sample1_sample1UITests.framework; sourceTree = BUILT_PRODUCTS_DIR; };
		371066ECBC1F3C06329E7A73 /* Pods_sample1.framework */ = {isa = PBXFileReference; explicitFileType = wrapper.framework; includeInIndex = 0; path = Pods_sample1.framework; sourceTree = BUILT_PRODUCTS_DIR; };
		5513CAFCEB0F832B9E11DAD8 /* Pods-sample1.release.xcconfig */ = {isa = PBXFileReference; includeInIndex = 1; lastKnownFileType = text.xcconfig; name = "Pods-sample1.release.xcconfig"; path = "Target Support Files/Pods-sample1/Pods-sample1.release.xcconfig"; sourceTree = "<group>"; };
		5CC710875B8D970D0E8D21DF /* Pods-sample1Tests.release.xcconfig */ = {isa = PBXFileReference; includeInIndex = 1; lastKnownFileType = text.xcconfig; name = "Pods-sample1Tests.release.xcconfig"; path = "Target Support Files/Pods-sample1Tests/Pods-sample1Tests.release.xcconfig"; sourceTree = "<group>"; };
		8E384DA4C90BFA38E0B3C2A4 /* Pods-sample1-sample1UITests.debug.xcconfig */ = {isa = PBXFileReference; includeInIndex = 1; lastKnownFileType = text.xcconfig; name = "Pods-sample1-sample1UITests.debug.xcconfig"; path = "Target Support Files/Pods-sample1-sample1UITests/Pods-sample1-sample1UITests.debug.xcconfig"; sourceTree = "<group>"; };
		93642EF115CF93A2B9BC740F /* Pods-sample1-sample1UITests.release.xcconfig */ = {isa = PBXFileReference; includeInIndex = 1; lastKnownFileType = text.xcconfig; name = "Pods-sample1-sample1UITests.release.xcconfig"; path = "Target Support Files/Pods-sample1-sample1UITests/Pods-sample1-sample1UITests.release.xcconfig"; sourceTree = "<group>"; };
		A67A228429E6A4790033F886 /* sample1.app */ = {isa = PBXFileReference; explicitFileType = wrapper.application; includeInIndex = 0; path = sample1.app; sourceTree = BUILT_PRODUCTS_DIR; };
		A67A228729E6A4790033F886 /* AppDelegate.swift */ = {isa = PBXFileReference; lastKnownFileType = sourcecode.swift; path = AppDelegate.swift; sourceTree = "<group>"; };
		A67A228929E6A4790033F886 /* SceneDelegate.swift */ = {isa = PBXFileReference; lastKnownFileType = sourcecode.swift; path = SceneDelegate.swift; sourceTree = "<group>"; };
		A67A228B29E6A4790033F886 /* ViewController.swift */ = {isa = PBXFileReference; lastKnownFileType = sourcecode.swift; path = ViewController.swift; sourceTree = "<group>"; };
		A67A228E29E6A4790033F886 /* Base */ = {isa = PBXFileReference; lastKnownFileType = file.storyboard; name = Base; path = Base.lproj/Main.storyboard; sourceTree = "<group>"; };
		A67A229029E6A47B0033F886 /* Assets.xcassets */ = {isa = PBXFileReference; lastKnownFileType = folder.assetcatalog; path = Assets.xcassets; sourceTree = "<group>"; };
		A67A229329E6A47B0033F886 /* Base */ = {isa = PBXFileReference; lastKnownFileType = file.storyboard; name = Base; path = Base.lproj/LaunchScreen.storyboard; sourceTree = "<group>"; };
		A67A229529E6A47B0033F886 /* Info.plist */ = {isa = PBXFileReference; lastKnownFileType = text.plist.xml; path = Info.plist; sourceTree = "<group>"; };
		A67A229A29E6A47C0033F886 /* sample1Tests.xctest */ = {isa = PBXFileReference; explicitFileType = wrapper.cfbundle; includeInIndex = 0; path = sample1Tests.xctest; sourceTree = BUILT_PRODUCTS_DIR; };
		A67A229E29E6A47C0033F886 /* sample1Tests.swift */ = {isa = PBXFileReference; lastKnownFileType = sourcecode.swift; path = sample1Tests.swift; sourceTree = "<group>"; };
		A67A22A429E6A47C0033F886 /* sample1UITests.xctest */ = {isa = PBXFileReference; explicitFileType = wrapper.cfbundle; includeInIndex = 0; path = sample1UITests.xctest; sourceTree = BUILT_PRODUCTS_DIR; };
		A67A22A829E6A47C0033F886 /* sample1UITests.swift */ = {isa = PBXFileReference; lastKnownFileType = sourcecode.swift; path = sample1UITests.swift; sourceTree = "<group>"; };
		A67A22AA29E6A47C0033F886 /* sample1UITestsLaunchTests.swift */ = {isa = PBXFileReference; lastKnownFileType = sourcecode.swift; path = sample1UITestsLaunchTests.swift; sourceTree = "<group>"; };
		A84715618A3B81F78BFE5515 /* Pods-sample1Tests.debug.xcconfig */ = {isa = PBXFileReference; includeInIndex = 1; lastKnownFileType = text.xcconfig; name = "Pods-sample1Tests.debug.xcconfig"; path = "Target Support Files/Pods-sample1Tests/Pods-sample1Tests.debug.xcconfig"; sourceTree = "<group>"; };
		B42E9A7BC0F20FE5C43D062C /* Pods_sample1Tests.framework */ = {isa = PBXFileReference; explicitFileType = wrapper.framework; includeInIndex = 0; path = Pods_sample1Tests.framework; sourceTree = BUILT_PRODUCTS_DIR; };
/* End PBXFileReference section */

/* Begin PBXFrameworksBuildPhase section */
		A67A228129E6A4790033F886 /* Frameworks */ = {
			isa = PBXFrameworksBuildPhase;
			buildActionMask = 2147483647;
			files = (
				94D621B5788CAEDFA24FEE06 /* Pods_sample1.framework in Frameworks */,
			);
			runOnlyForDeploymentPostprocessing = 0;
		};
		A67A229729E6A47C0033F886 /* Frameworks */ = {
			isa = PBXFrameworksBuildPhase;
			buildActionMask = 2147483647;
			files = (
				A4DC4F6AC07BD234CBB6DEBD /* Pods_sample1Tests.framework in Frameworks */,
			);
			runOnlyForDeploymentPostprocessing = 0;
		};
		A67A22A129E6A47C0033F886 /* Frameworks */ = {
			isa = PBXFrameworksBuildPhase;
			buildActionMask = 2147483647;
			files = (
				1F2DA0DC8A282EEC4173AF37 /* Pods_sample1_sample1UITests.framework in Frameworks */,
			);
			runOnlyForDeploymentPostprocessing = 0;
		};
/* End PBXFrameworksBuildPhase section */

/* Begin PBXGroup section */
		A67A227B29E6A4790033F886 = {
			isa = PBXGroup;
			children = (
				A67A228629E6A4790033F886 /* sample1 */,
				A67A229D29E6A47C0033F886 /* sample1Tests */,
				A67A22A729E6A47C0033F886 /* sample1UITests */,
				A67A228529E6A4790033F886 /* Products */,
				F5916EF2795CD6CA719C205C /* Pods */,
				B27477A97CA2AF0229D068B0 /* Frameworks */,
			);
			sourceTree = "<group>";
		};
		A67A228529E6A4790033F886 /* Products */ = {
			isa = PBXGroup;
			children = (
				A67A228429E6A4790033F886 /* sample1.app */,
				A67A229A29E6A47C0033F886 /* sample1Tests.xctest */,
				A67A22A429E6A47C0033F886 /* sample1UITests.xctest */,
			);
			name = Products;
			sourceTree = "<group>";
		};
		A67A228629E6A4790033F886 /* sample1 */ = {
			isa = PBXGroup;
			children = (
				A67A228729E6A4790033F886 /* AppDelegate.swift */,
				A67A228929E6A4790033F886 /* SceneDelegate.swift */,
				A67A228B29E6A4790033F886 /* ViewController.swift */,
				A67A228D29E6A4790033F886 /* Main.storyboard */,
				A67A229029E6A47B0033F886 /* Assets.xcassets */,
				A67A229229E6A47B0033F886 /* LaunchScreen.storyboard */,
				A67A229529E6A47B0033F886 /* Info.plist */,
			);
			path = sample1;
			sourceTree = "<group>";
		};
		A67A229D29E6A47C0033F886 /* sample1Tests */ = {
			isa = PBXGroup;
			children = (
				A67A229E29E6A47C0033F886 /* sample1Tests.swift */,
			);
			path = sample1Tests;
			sourceTree = "<group>";
		};
		A67A22A729E6A47C0033F886 /* sample1UITests */ = {
			isa = PBXGroup;
			children = (
				A67A22A829E6A47C0033F886 /* sample1UITests.swift */,
				A67A22AA29E6A47C0033F886 /* sample1UITestsLaunchTests.swift */,
			);
			path = sample1UITests;
			sourceTree = "<group>";
		};
		B27477A97CA2AF0229D068B0 /* Frameworks */ = {
			isa = PBXGroup;
			children = (
				371066ECBC1F3C06329E7A73 /* Pods_sample1.framework */,
				0CF547E68D685BCFA6846A1E /* Pods_sample1_sample1UITests.framework */,
				B42E9A7BC0F20FE5C43D062C /* Pods_sample1Tests.framework */,
			);
			name = Frameworks;
			sourceTree = "<group>";
		};
		F5916EF2795CD6CA719C205C /* Pods */ = {
			isa = PBXGroup;
			children = (
				02D449A68146805C7C29A465 /* Pods-sample1.debug.xcconfig */,
				5513CAFCEB0F832B9E11DAD8 /* Pods-sample1.release.xcconfig */,
				8E384DA4C90BFA38E0B3C2A4 /* Pods-sample1-sample1UITests.debug.xcconfig */,
				93642EF115CF93A2B9BC740F /* Pods-sample1-sample1UITests.release.xcconfig */,
				A84715618A3B81F78BFE5515 /* Pods-sample1Tests.debug.xcconfig */,
				5CC710875B8D970D0E8D21DF /* Pods-sample1Tests.release.xcconfig */,
			);
			path = Pods;
			sourceTree = "<group>";
		};
/* End PBXGroup section */

/* Begin PBXNativeTarget section */
		A67A228329E6A4790033F886 /* sample1 */ = {
			isa = PBXNativeTarget;
			buildConfigurationList = A67A22AE29E6A47C0033F886 /* Build configuration list for PBXNativeTarget "sample1" */;
			buildPhases = (
				2484F9ECAD209D58F6063BBD /* [CP] Check Pods Manifest.lock */,
				A67A228029E6A4790033F886 /* Sources */,
				A67A228129E6A4790033F886 /* Frameworks */,
				A67A228229E6A4790033F886 /* Resources */,
			);
			buildRules = (
			);
			dependencies = (
			);
			name = sample1;
			productName = sample1;
			productReference = A67A228429E6A4790033F886 /* sample1.app */;
			productType = "com.apple.product-type.application";
		};
		A67A229929E6A47C0033F886 /* sample1Tests */ = {
			isa = PBXNativeTarget;
			buildConfigurationList = A67A22B129E6A47C0033F886 /* Build configuration list for PBXNativeTarget "sample1Tests" */;
			buildPhases = (
				4923FFF77FCF82E9F9A086D6 /* [CP] Check Pods Manifest.lock */,
				A67A229629E6A47C0033F886 /* Sources */,
				A67A229729E6A47C0033F886 /* Frameworks */,
				A67A229829E6A47C0033F886 /* Resources */,
				810AA0A4CF47F0C68C79E928 /* [CP] Embed Pods Frameworks */,
			);
			buildRules = (
			);
			dependencies = (
				A67A229C29E6A47C0033F886 /* PBXTargetDependency */,
			);
			name = sample1Tests;
			productName = sample1Tests;
			productReference = A67A229A29E6A47C0033F886 /* sample1Tests.xctest */;
			productType = "com.apple.product-type.bundle.unit-test";
		};
		A67A22A329E6A47C0033F886 /* sample1UITests */ = {
			isa = PBXNativeTarget;
			buildConfigurationList = A67A22B429E6A47C0033F886 /* Build configuration list for PBXNativeTarget "sample1UITests" */;
			buildPhases = (
				79A728D42DF7BA893EFCEDAC /* [CP] Check Pods Manifest.lock */,
				A67A22A029E6A47C0033F886 /* Sources */,
				A67A22A129E6A47C0033F886 /* Frameworks */,
				A67A22A229E6A47C0033F886 /* Resources */,
			);
			buildRules = (
			);
			dependencies = (
				A67A22A629E6A47C0033F886 /* PBXTargetDependency */,
			);
			name = sample1UITests;
			productName = sample1UITests;
			productReference = A67A22A429E6A47C0033F886 /* sample1UITests.xctest */;
			productType = "com.apple.product-type.bundle.ui-testing";
		};
/* End PBXNativeTarget section */

/* Begin PBXProject section */
		A67A227C29E6A4790033F886 /* Project object */ = {
			isa = PBXProject;
			attributes = {
				BuildIndependentTargetsInParallel = 1;
				LastSwiftUpdateCheck = 1420;
				LastUpgradeCheck = 1420;
				TargetAttributes = {
					A67A228329E6A4790033F886 = {
						CreatedOnToolsVersion = 14.2;
					};
					A67A229929E6A47C0033F886 = {
						CreatedOnToolsVersion = 14.2;
						TestTargetID = A67A228329E6A4790033F886;
					};
					A67A22A329E6A47C0033F886 = {
						CreatedOnToolsVersion = 14.2;
						TestTargetID = A67A228329E6A4790033F886;
					};
				};
			};
			buildConfigurationList = A67A227F29E6A4790033F886 /* Build configuration list for PBXProject "sample1" */;
			compatibilityVersion = "Xcode 13.0";
			developmentRegion = en;
			hasScannedForEncodings = 0;
			knownRegions = (
				en,
				Base,
			);
			mainGroup = A67A227B29E6A4790033F886;
			productRefGroup = A67A228529E6A4790033F886 /* Products */;
			projectDirPath = "";
			projectRoot = "";
			targets = (
				A67A228329E6A4790033F886 /* sample1 */,
				A67A229929E6A47C0033F886 /* sample1Tests */,
				A67A22A329E6A47C0033F886 /* sample1UITests */,
			);
		};
/* End PBXProject section */

/* Begin PBXResourcesBuildPhase section */
		A67A228229E6A4790033F886 /* Resources */ = {
			isa = PBXResourcesBuildPhase;
			buildActionMask = 2147483647;
			files = (
				A67A229429E6A47B0033F886 /* LaunchScreen.storyboard in Resources */,
				A67A229129E6A47B0033F886 /* Assets.xcassets in Resources */,
				A67A228F29E6A4790033F886 /* Main.storyboard in Resources */,
			);
			runOnlyForDeploymentPostprocessing = 0;
		};
		A67A229829E6A47C0033F886 /* Resources */ = {
			isa = PBXResourcesBuildPhase;
			buildActionMask = 2147483647;
			files = (
			);
			runOnlyForDeploymentPostprocessing = 0;
		};
		A67A22A229E6A47C0033F886 /* Resources */ = {
			isa = PBXResourcesBuildPhase;
			buildActionMask = 2147483647;
			files = (
			);
			runOnlyForDeploymentPostprocessing = 0;
		};
/* End PBXResourcesBuildPhase section */

/* Begin PBXShellScriptBuildPhase section */
		2484F9ECAD209D58F6063BBD /* [CP] Check Pods Manifest.lock */ = {
			isa = PBXShellScriptBuildPhase;
			buildActionMask = 2147483647;
			files = (
			);
			inputFileListPaths = (
			);
			inputPaths = (
				"${PODS_PODFILE_DIR_PATH}/Podfile.lock",
				"${PODS_ROOT}/Manifest.lock",
			);
			name = "[CP] Check Pods Manifest.lock";
			outputFileListPaths = (
			);
			outputPaths = (
				"$(DERIVED_FILE_DIR)/Pods-sample1-checkManifestLockResult.txt",
			);
			runOnlyForDeploymentPostprocessing = 0;
			shellPath = /bin/sh;
			shellScript = "diff \"${PODS_PODFILE_DIR_PATH}/Podfile.lock\" \"${PODS_ROOT}/Manifest.lock\" > /dev/null\nif [ $? != 0 ] ; then\n    # print error to STDERR\n    echo \"error: The sandbox is not in sync with the Podfile.lock. Run 'pod install' or update your CocoaPods installation.\" >&2\n    exit 1\nfi\n# This output is used by Xcode 'outputs' to avoid re-running this script phase.\necho \"SUCCESS\" > \"${SCRIPT_OUTPUT_FILE_0}\"\n";
			showEnvVarsInLog = 0;
		};
		4923FFF77FCF82E9F9A086D6 /* [CP] Check Pods Manifest.lock */ = {
			isa = PBXShellScriptBuildPhase;
			buildActionMask = 2147483647;
			files = (
			);
			inputFileListPaths = (
			);
			inputPaths = (
				"${PODS_PODFILE_DIR_PATH}/Podfile.lock",
				"${PODS_ROOT}/Manifest.lock",
			);
			name = "[CP] Check Pods Manifest.lock";
			outputFileListPaths = (
			);
			outputPaths = (
				"$(DERIVED_FILE_DIR)/Pods-sample1Tests-checkManifestLockResult.txt",
			);
			runOnlyForDeploymentPostprocessing = 0;
			shellPath = /bin/sh;
			shellScript = "diff \"${PODS_PODFILE_DIR_PATH}/Podfile.lock\" \"${PODS_ROOT}/Manifest.lock\" > /dev/null\nif [ $? != 0 ] ; then\n    # print error to STDERR\n    echo \"error: The sandbox is not in sync with the Podfile.lock. Run 'pod install' or update your CocoaPods installation.\" >&2\n    exit 1\nfi\n# This output is used by Xcode 'outputs' to avoid re-running this script phase.\necho \"SUCCESS\" > \"${SCRIPT_OUTPUT_FILE_0}\"\n";
			showEnvVarsInLog = 0;
		};
		79A728D42DF7BA893EFCEDAC /* [CP] Check Pods Manifest.lock */ = {
			isa = PBXShellScriptBuildPhase;
			buildActionMask = 2147483647;
			files = (
			);
			inputFileListPaths = (
			);
			inputPaths = (
				"${PODS_PODFILE_DIR_PATH}/Podfile.lock",
				"${PODS_ROOT}/Manifest.lock",
			);
			name = "[CP] Check Pods Manifest.lock";
			outputFileListPaths = (
			);
			outputPaths = (
				"$(DERIVED_FILE_DIR)/Pods-sample1-sample1UITests-checkManifestLockResult.txt",
			);
			runOnlyForDeploymentPostprocessing = 0;
			shellPath = /bin/sh;
			shellScript = "diff \"${PODS_PODFILE_DIR_PATH}/Podfile.lock\" \"${PODS_ROOT}/Manifest.lock\" > /dev/null\nif [ $? != 0 ] ; then\n    # print error to STDERR\n    echo \"error: The sandbox is not in sync with the Podfile.lock. Run 'pod install' or update your CocoaPods installation.\" >&2\n    exit 1\nfi\n# This output is used by Xcode 'outputs' to avoid re-running this script phase.\necho \"SUCCESS\" > \"${SCRIPT_OUTPUT_FILE_0}\"\n";
			showEnvVarsInLog = 0;
		};
		810AA0A4CF47F0C68C79E928 /* [CP] Embed Pods Frameworks */ = {
			isa = PBXShellScriptBuildPhase;
			buildActionMask = 2147483647;
			files = (
			);
			inputFileListPaths = (
				"${PODS_ROOT}/Target Support Files/Pods-sample1Tests/Pods-sample1Tests-frameworks-${CONFIGURATION}-input-files.xcfilelist",
			);
			name = "[CP] Embed Pods Frameworks";
			outputFileListPaths = (
				"${PODS_ROOT}/Target Support Files/Pods-sample1Tests/Pods-sample1Tests-frameworks-${CONFIGURATION}-output-files.xcfilelist",
			);
			runOnlyForDeploymentPostprocessing = 0;
			shellPath = /bin/sh;
			shellScript = "\"${PODS_ROOT}/Target Support Files/Pods-sample1Tests/Pods-sample1Tests-frameworks.sh\"\n";
			showEnvVarsInLog = 0;
		};
/* End PBXShellScriptBuildPhase section */

/* Begin PBXSourcesBuildPhase section */
		A67A228029E6A4790033F886 /* Sources */ = {
			isa = PBXSourcesBuildPhase;
			buildActionMask = 2147483647;
			files = (
				A67A228C29E6A4790033F886 /* ViewController.swift in Sources */,
				A67A228829E6A4790033F886 /* AppDelegate.swift in Sources */,
				A67A228A29E6A4790033F886 /* SceneDelegate.swift in Sources */,
			);
			runOnlyForDeploymentPostprocessing = 0;
		};
		A67A229629E6A47C0033F886 /* Sources */ = {
			isa = PBXSourcesBuildPhase;
			buildActionMask = 2147483647;
			files = (
				A67A229F29E6A47C0033F886 /* sample1Tests.swift in Sources */,
			);
			runOnlyForDeploymentPostprocessing = 0;
		};
		A67A22A029E6A47C0033F886 /* Sources */ = {
			isa = PBXSourcesBuildPhase;
			buildActionMask = 2147483647;
			files = (
				A67A22AB29E6A47C0033F886 /* sample1UITestsLaunchTests.swift in Sources */,
				A67A22A929E6A47C0033F886 /* sample1UITests.swift in Sources */,
			);
			runOnlyForDeploymentPostprocessing = 0;
		};
/* End PBXSourcesBuildPhase section */

/* Begin PBXTargetDependency section */
		A67A229C29E6A47C0033F886 /* PBXTargetDependency */ = {
			isa = PBXTargetDependency;
			target = A67A228329E6A4790033F886 /* sample1 */;
			targetProxy = A67A229B29E6A47C0033F886 /* PBXContainerItemProxy */;
		};
		A67A22A629E6A47C0033F886 /* PBXTargetDependency */ = {
			isa = PBXTargetDependency;
			target = A67A228329E6A4790033F886 /* sample1 */;
			targetProxy = A67A22A529E6A47C0033F886 /* PBXContainerItemProxy */;
		};
/* End PBXTargetDependency section */

/* Begin PBXVariantGroup section */
		A67A228D29E6A4790033F886 /* Main.storyboard */ = {
			isa = PBXVariantGroup;
			children = (
				A67A228E29E6A4790033F886 /* Base */,
			);
			name = Main.storyboard;
			sourceTree = "<group>";
		};
		A67A229229E6A47B0033F886 /* LaunchScreen.storyboard */ = {
			isa = PBXVariantGroup;
			children = (
				A67A229329E6A47B0033F886 /* Base */,
			);
			name = LaunchScreen.storyboard;
			sourceTree = "<group>";
		};
/* End PBXVariantGroup section */

/* Begin XCBuildConfiguration section */
		A67A22AC29E6A47C0033F886 /* Debug */ = {
			isa = XCBuildConfiguration;
			buildSettings = {
				ALWAYS_SEARCH_USER_PATHS = NO;
				CLANG_ANALYZER_NONNULL = YES;
				CLANG_ANALYZER_NUMBER_OBJECT_CONVERSION = YES_AGGRESSIVE;
				CLANG_CXX_LANGUAGE_STANDARD = "gnu++20";
				CLANG_ENABLE_MODULES = YES;
				CLANG_ENABLE_OBJC_ARC = YES;
				CLANG_ENABLE_OBJC_WEAK = YES;
				CLANG_WARN_BLOCK_CAPTURE_AUTORELEASING = YES;
				CLANG_WARN_BOOL_CONVERSION = YES;
				CLANG_WARN_COMMA = YES;
				CLANG_WARN_CONSTANT_CONVERSION = YES;
				CLANG_WARN_DEPRECATED_OBJC_IMPLEMENTATIONS = YES;
				CLANG_WARN_DIRECT_OBJC_ISA_USAGE = YES_ERROR;
				CLANG_WARN_DOCUMENTATION_COMMENTS = YES;
				CLANG_WARN_EMPTY_BODY = YES;
				CLANG_WARN_ENUM_CONVERSION = YES;
				CLANG_WARN_INFINITE_RECURSION = YES;
				CLANG_WARN_INT_CONVERSION = YES;
				CLANG_WARN_NON_LITERAL_NULL_CONVERSION = YES;
				CLANG_WARN_OBJC_IMPLICIT_RETAIN_SELF = YES;
				CLANG_WARN_OBJC_LITERAL_CONVERSION = YES;
				CLANG_WARN_OBJC_ROOT_CLASS = YES_ERROR;
				CLANG_WARN_QUOTED_INCLUDE_IN_FRAMEWORK_HEADER = YES;
				CLANG_WARN_RANGE_LOOP_ANALYSIS = YES;
				CLANG_WARN_STRICT_PROTOTYPES = YES;
				CLANG_WARN_SUSPICIOUS_MOVE = YES;
				CLANG_WARN_UNGUARDED_AVAILABILITY = YES_AGGRESSIVE;
				CLANG_WARN_UNREACHABLE_CODE = YES;
				CLANG_WARN__DUPLICATE_METHOD_MATCH = YES;
				COPY_PHASE_STRIP = NO;
				DEBUG_INFORMATION_FORMAT = dwarf;
				ENABLE_STRICT_OBJC_MSGSEND = YES;
				ENABLE_TESTABILITY = YES;
				GCC_C_LANGUAGE_STANDARD = gnu11;
				GCC_DYNAMIC_NO_PIC = NO;
				GCC_NO_COMMON_BLOCKS = YES;
				GCC_OPTIMIZATION_LEVEL = 0;
				GCC_PREPROCESSOR_DEFINITIONS = (
					"DEBUG=1",
					"$(inherited)",
				);
				GCC_WARN_64_TO_32_BIT_CONVERSION = YES;
				GCC_WARN_ABOUT_RETURN_TYPE = YES_ERROR;
				GCC_WARN_UNDECLARED_SELECTOR = YES;
				GCC_WARN_UNINITIALIZED_AUTOS = YES_AGGRESSIVE;
				GCC_WARN_UNUSED_FUNCTION = YES;
				GCC_WARN_UNUSED_VARIABLE = YES;
				IPHONEOS_DEPLOYMENT_TARGET = 16.2;
				MTL_ENABLE_DEBUG_INFO = INCLUDE_SOURCE;
				MTL_FAST_MATH = YES;
				ONLY_ACTIVE_ARCH = YES;
				SDKROOT = iphoneos;
				SWIFT_ACTIVE_COMPILATION_CONDITIONS = DEBUG;
				SWIFT_OPTIMIZATION_LEVEL = "-Onone";
			};
			name = Debug;
		};
		A67A22AD29E6A47C0033F886 /* Release */ = {
			isa = XCBuildConfiguration;
			buildSettings = {
				ALWAYS_SEARCH_USER_PATHS = NO;
				CLANG_ANALYZER_NONNULL = YES;
				CLANG_ANALYZER_NUMBER_OBJECT_CONVERSION = YES_AGGRESSIVE;
				CLANG_CXX_LANGUAGE_STANDARD = "gnu++20";
				CLANG_ENABLE_MODULES = YES;
				CLANG_ENABLE_OBJC_ARC = YES;
				CLANG_ENABLE_OBJC_WEAK = YES;
				CLANG_WARN_BLOCK_CAPTURE_AUTORELEASING = YES;
				CLANG_WARN_BOOL_CONVERSION = YES;
				CLANG_WARN_COMMA = YES;
				CLANG_WARN_CONSTANT_CONVERSION = YES;
				CLANG_WARN_DEPRECATED_OBJC_IMPLEMENTATIONS = YES;
				CLANG_WARN_DIRECT_OBJC_ISA_USAGE = YES_ERROR;
				CLANG_WARN_DOCUMENTATION_COMMENTS = YES;
				CLANG_WARN_EMPTY_BODY = YES;
				CLANG_WARN_ENUM_CONVERSION = YES;
				CLANG_WARN_INFINITE_RECURSION = YES;
				CLANG_WARN_INT_CONVERSION = YES;
				CLANG_WARN_NON_LITERAL_NULL_CONVERSION = YES;
				CLANG_WARN_OBJC_IMPLICIT_RETAIN_SELF = YES;
				CLANG_WARN_OBJC_LITERAL_CONVERSION = YES;
				CLANG_WARN_OBJC_ROOT_CLASS = YES_ERROR;
				CLANG_WARN_QUOTED_INCLUDE_IN_FRAMEWORK_HEADER = YES;
				CLANG_WARN_RANGE_LOOP_ANALYSIS = YES;
				CLANG_WARN_STRICT_PROTOTYPES = YES;
				CLANG_WARN_SUSPICIOUS_MOVE = YES;
				CLANG_WARN_UNGUARDED_AVAILABILITY = YES_AGGRESSIVE;
				CLANG_WARN_UNREACHABLE_CODE = YES;
				CLANG_WARN__DUPLICATE_METHOD_MATCH = YES;
				COPY_PHASE_STRIP = NO;
				DEBUG_INFORMATION_FORMAT = "dwarf-with-dsym";
				ENABLE_NS_ASSERTIONS = NO;
				ENABLE_STRICT_OBJC_MSGSEND = YES;
				GCC_C_LANGUAGE_STANDARD = gnu11;
				GCC_NO_COMMON_BLOCKS = YES;
				GCC_WARN_64_TO_32_BIT_CONVERSION = YES;
				GCC_WARN_ABOUT_RETURN_TYPE = YES_ERROR;
				GCC_WARN_UNDECLARED_SELECTOR = YES;
				GCC_WARN_UNINITIALIZED_AUTOS = YES_AGGRESSIVE;
				GCC_WARN_UNUSED_FUNCTION = YES;
				GCC_WARN_UNUSED_VARIABLE = YES;
				IPHONEOS_DEPLOYMENT_TARGET = 16.2;
				MTL_ENABLE_DEBUG_INFO = NO;
				MTL_FAST_MATH = YES;
				SDKROOT = iphoneos;
				SWIFT_COMPILATION_MODE = wholemodule;
				SWIFT_OPTIMIZATION_LEVEL = "-O";
				VALIDATE_PRODUCT = YES;
			};
			name = Release;
		};
		A67A22AF29E6A47C0033F886 /* Debug */ = {
			isa = XCBuildConfiguration;
			baseConfigurationReference = 02D449A68146805C7C29A465 /* Pods-sample1.debug.xcconfig */;
			buildSettings = {
				ASSETCATALOG_COMPILER_APPICON_NAME = AppIcon;
				ASSETCATALOG_COMPILER_GLOBAL_ACCENT_COLOR_NAME = AccentColor;
				CODE_SIGN_STYLE = Automatic;
				CURRENT_PROJECT_VERSION = 1;
				DEVELOPMENT_TEAM = 8XZFU4U9N4;
				GENERATE_INFOPLIST_FILE = YES;
				INFOPLIST_FILE = sample1/Info.plist;
				INFOPLIST_KEY_UIApplicationSupportsIndirectInputEvents = YES;
				INFOPLIST_KEY_UILaunchStoryboardName = LaunchScreen;
				INFOPLIST_KEY_UIMainStoryboardFile = Main;
				INFOPLIST_KEY_UISupportedInterfaceOrientations_iPad = "UIInterfaceOrientationPortrait UIInterfaceOrientationPortraitUpsideDown UIInterfaceOrientationLandscapeLeft UIInterfaceOrientationLandscapeRight";
				INFOPLIST_KEY_UISupportedInterfaceOrientations_iPhone = "UIInterfaceOrientationPortrait UIInterfaceOrientationLandscapeLeft UIInterfaceOrientationLandscapeRight";
				LD_RUNPATH_SEARCH_PATHS = (
					"$(inherited)",
					"@executable_path/Frameworks",
				);
				MARKETING_VERSION = 1.0;
				PRODUCT_BUNDLE_IDENTIFIER = Paymentus.sample1;
				PRODUCT_NAME = "$(TARGET_NAME)";
				SWIFT_EMIT_LOC_STRINGS = YES;
				SWIFT_VERSION = 5.0;
				TARGETED_DEVICE_FAMILY = "1,2";
			};
			name = Debug;
		};
		A67A22B029E6A47C0033F886 /* Release */ = {
			isa = XCBuildConfiguration;
			baseConfigurationReference = 5513CAFCEB0F832B9E11DAD8 /* Pods-sample1.release.xcconfig */;
			buildSettings = {
				ASSETCATALOG_COMPILER_APPICON_NAME = AppIcon;
				ASSETCATALOG_COMPILER_GLOBAL_ACCENT_COLOR_NAME = AccentColor;
				CODE_SIGN_STYLE = Automatic;
				CURRENT_PROJECT_VERSION = 1;
				DEVELOPMENT_TEAM = 8XZFU4U9N4;
				GENERATE_INFOPLIST_FILE = YES;
				INFOPLIST_FILE = sample1/Info.plist;
				INFOPLIST_KEY_UIApplicationSupportsIndirectInputEvents = YES;
				INFOPLIST_KEY_UILaunchStoryboardName = LaunchScreen;
				INFOPLIST_KEY_UIMainStoryboardFile = Main;
				INFOPLIST_KEY_UISupportedInterfaceOrientations_iPad = "UIInterfaceOrientationPortrait UIInterfaceOrientationPortraitUpsideDown UIInterfaceOrientationLandscapeLeft UIInterfaceOrientationLandscapeRight";
				INFOPLIST_KEY_UISupportedInterfaceOrientations_iPhone = "UIInterfaceOrientationPortrait UIInterfaceOrientationLandscapeLeft UIInterfaceOrientationLandscapeRight";
				LD_RUNPATH_SEARCH_PATHS = (
					"$(inherited)",
					"@executable_path/Frameworks",
				);
				MARKETING_VERSION = 1.0;
				PRODUCT_BUNDLE_IDENTIFIER = Paymentus.sample1;
				PRODUCT_NAME = "$(TARGET_NAME)";
				SWIFT_EMIT_LOC_STRINGS = YES;
				SWIFT_VERSION = 5.0;
				TARGETED_DEVICE_FAMILY = "1,2";
			};
			name = Release;
		};
		A67A22B229E6A47C0033F886 /* Debug */ = {
			isa = XCBuildConfiguration;
			baseConfigurationReference = A84715618A3B81F78BFE5515 /* Pods-sample1Tests.debug.xcconfig */;
			buildSettings = {
				ALWAYS_EMBED_SWIFT_STANDARD_LIBRARIES = YES;
				BUNDLE_LOADER = "$(TEST_HOST)";
				CODE_SIGN_STYLE = Automatic;
				CURRENT_PROJECT_VERSION = 1;
				DEVELOPMENT_TEAM = 8XZFU4U9N4;
				GENERATE_INFOPLIST_FILE = YES;
				IPHONEOS_DEPLOYMENT_TARGET = 16.2;
				MARKETING_VERSION = 1.0;
				PRODUCT_BUNDLE_IDENTIFIER = Paymentus.sample1Tests;
				PRODUCT_NAME = "$(TARGET_NAME)";
				SWIFT_EMIT_LOC_STRINGS = NO;
				SWIFT_VERSION = 5.0;
				TARGETED_DEVICE_FAMILY = "1,2";
				TEST_HOST = "$(BUILT_PRODUCTS_DIR)/sample1.app/$(BUNDLE_EXECUTABLE_FOLDER_PATH)/sample1";
			};
			name = Debug;
		};
		A67A22B329E6A47C0033F886 /* Release */ = {
			isa = XCBuildConfiguration;
			baseConfigurationReference = 5CC710875B8D970D0E8D21DF /* Pods-sample1Tests.release.xcconfig */;
			buildSettings = {
				ALWAYS_EMBED_SWIFT_STANDARD_LIBRARIES = YES;
				BUNDLE_LOADER = "$(TEST_HOST)";
				CODE_SIGN_STYLE = Automatic;
				CURRENT_PROJECT_VERSION = 1;
				DEVELOPMENT_TEAM = 8XZFU4U9N4;
				GENERATE_INFOPLIST_FILE = YES;
				IPHONEOS_DEPLOYMENT_TARGET = 16.2;
				MARKETING_VERSION = 1.0;
				PRODUCT_BUNDLE_IDENTIFIER = Paymentus.sample1Tests;
				PRODUCT_NAME = "$(TARGET_NAME)";
				SWIFT_EMIT_LOC_STRINGS = NO;
				SWIFT_VERSION = 5.0;
				TARGETED_DEVICE_FAMILY = "1,2";
				TEST_HOST = "$(BUILT_PRODUCTS_DIR)/sample1.app/$(BUNDLE_EXECUTABLE_FOLDER_PATH)/sample1";
			};
			name = Release;
		};
		A67A22B529E6A47C0033F886 /* Debug */ = {
			isa = XCBuildConfiguration;
			baseConfigurationReference = 8E384DA4C90BFA38E0B3C2A4 /* Pods-sample1-sample1UITests.debug.xcconfig */;
			buildSettings = {
				ALWAYS_EMBED_SWIFT_STANDARD_LIBRARIES = YES;
				CODE_SIGN_STYLE = Automatic;
				CURRENT_PROJECT_VERSION = 1;
				DEVELOPMENT_TEAM = 8XZFU4U9N4;
				GENERATE_INFOPLIST_FILE = YES;
				MARKETING_VERSION = 1.0;
				PRODUCT_BUNDLE_IDENTIFIER = Paymentus.sample1UITests;
				PRODUCT_NAME = "$(TARGET_NAME)";
				SWIFT_EMIT_LOC_STRINGS = NO;
				SWIFT_VERSION = 5.0;
				TARGETED_DEVICE_FAMILY = "1,2";
				TEST_TARGET_NAME = sample1;
			};
			name = Debug;
		};
		A67A22B629E6A47C0033F886 /* Release */ = {
			isa = XCBuildConfiguration;
			baseConfigurationReference = 93642EF115CF93A2B9BC740F /* Pods-sample1-sample1UITests.release.xcconfig */;
			buildSettings = {
				ALWAYS_EMBED_SWIFT_STANDARD_LIBRARIES = YES;
				CODE_SIGN_STYLE = Automatic;
				CURRENT_PROJECT_VERSION = 1;
				DEVELOPMENT_TEAM = 8XZFU4U9N4;
				GENERATE_INFOPLIST_FILE = YES;
				MARKETING_VERSION = 1.0;
				PRODUCT_BUNDLE_IDENTIFIER = Paymentus.sample1UITests;
				PRODUCT_NAME = "$(TARGET_NAME)";
				SWIFT_EMIT_LOC_STRINGS = NO;
				SWIFT_VERSION = 5.0;
				TARGETED_DEVICE_FAMILY = "1,2";
				TEST_TARGET_NAME = sample1;
			};
			name = Release;
		};
/* End XCBuildConfiguration section */

/* Begin XCConfigurationList section */
		A67A227F29E6A4790033F886 /* Build configuration list for PBXProject "sample1" */ = {
			isa = XCConfigurationList;
			buildConfigurations = (
				A67A22AC29E6A47C0033F886 /* Debug */,
				A67A22AD29E6A47C0033F886 /* Release */,
			);
			defaultConfigurationIsVisible = 0;
			defaultConfigurationName = Release;
		};
		A67A22AE29E6A47C0033F886 /* Build configuration list for PBXNativeTarget "sample1" */ = {
			isa = XCConfigurationList;
			buildConfigurations = (
				A67A22AF29E6A47C0033F886 /* Debug */,
				A67A22B029E6A47C0033F886 /* Release */,
			);
			defaultConfigurationIsVisible = 0;
			defaultConfigurationName = Release;
		};
		A67A22B129E6A47C0033F886 /* Build configuration list for PBXNativeTarget "sample1Tests" */ = {
			isa = XCConfigurationList;
			buildConfigurations = (
				A67A22B229E6A47C0033F886 /* Debug */,
				A67A22B329E6A47C0033F886 /* Release */,
			);
			defaultConfigurationIsVisible = 0;
			defaultConfigurationName = Release;
		};
		A67A22B429E6A47C0033F886 /* Build configuration list for PBXNativeTarget "sample1UITests" */ = {
			isa = XCConfigurationList;
			buildConfigurations = (
				A67A22B529E6A47C0033F886 /* Debug */,
				A67A22B629E6A47C0033F886 /* Release */,
			);
			defaultConfigurationIsVisible = 0;
			defaultConfigurationName = Release;
		};
/* End XCConfigurationList section */
	};
	rootObject = A67A227C29E6A4790033F886 /* Project object */;
}
